[[package]]
name = "alembic"
version = "1.8.1"
description = "A database migration tool for SQLAlchemy."
category = "main"
optional = false
python-versions = ">=3.7"

[package.dependencies]
Mako = "*"
SQLAlchemy = ">=1.3.0"

[package.extras]
tz = ["python-dateutil"]

[[package]]
name = "aniso8601"
version = "9.0.1"
description = "A library for parsing ISO 8601 strings."
category = "main"
optional = false
python-versions = "*"

[package.extras]
dev = ["black", "coverage", "isort", "pre-commit", "pyenchant", "pylint"]

[[package]]
name = "attrs"
version = "22.1.0"
description = "Classes Without Boilerplate"
category = "main"
optional = false
python-versions = ">=3.5"

[package.extras]
dev = ["coverage[toml] (>=5.0.2)", "hypothesis", "pympler", "pytest (>=4.3.0)", "mypy (>=0.900,!=0.940)", "pytest-mypy-plugins", "zope-interface", "furo", "sphinx", "sphinx-notfound-page", "pre-commit", "cloudpickle"]
docs = ["furo", "sphinx", "zope-interface", "sphinx-notfound-page"]
tests = ["coverage[toml] (>=5.0.2)", "hypothesis", "pympler", "pytest (>=4.3.0)", "mypy (>=0.900,!=0.940)", "pytest-mypy-plugins", "zope-interface", "cloudpickle"]
tests_no_zope = ["coverage[toml] (>=5.0.2)", "hypothesis", "pympler", "pytest (>=4.3.0)", "mypy (>=0.900,!=0.940)", "pytest-mypy-plugins", "cloudpickle"]

[[package]]
name = "certifi"
version = "2022.9.24"
description = "Python package for providing Mozilla's CA Bundle."
category = "main"
optional = false
python-versions = ">=3.6"

[[package]]
name = "charset-normalizer"
version = "2.1.1"
description = "The Real First Universal Charset Detector. Open, modern and actively maintained alternative to Chardet."
category = "main"
optional = false
python-versions = ">=3.6.0"

[package.extras]
unicode_backport = ["unicodedata2"]

[[package]]
name = "click"
version = "8.1.3"
description = "Composable command line interface toolkit"
category = "main"
optional = false
python-versions = ">=3.7"

[package.dependencies]
colorama = {version = "*", markers = "platform_system == \"Windows\""}

[[package]]
name = "colorama"
version = "0.4.5"
description = "Cross-platform colored terminal text."
category = "main"
optional = false
python-versions = ">=2.7, !=3.0.*, !=3.1.*, !=3.2.*, !=3.3.*, !=3.4.*"

[[package]]
name = "flask"
version = "1.1.2"
description = "A simple framework for building complex web applications."
category = "main"
optional = false
python-versions = ">=2.7, !=3.0.*, !=3.1.*, !=3.2.*, !=3.3.*, !=3.4.*"

[package.dependencies]
click = ">=5.1"
itsdangerous = ">=0.24"
Jinja2 = ">=2.10.1"
Werkzeug = ">=0.15"

[package.extras]
dotenv = ["python-dotenv"]
docs = ["sphinx-issues", "sphinxcontrib-log-cabinet", "pallets-sphinx-themes", "sphinx"]
dev = ["sphinx-issues", "sphinxcontrib-log-cabinet", "pallets-sphinx-themes", "sphinx", "tox", "coverage", "pytest"]

[[package]]
name = "flask-cors"
version = "3.0.9"
description = "A Flask extension adding a decorator for CORS support"
category = "main"
optional = false
python-versions = "*"

[package.dependencies]
Flask = ">=0.9"
Six = "*"

[[package]]
name = "flask-migrate"
version = "2.5.3"
description = "SQLAlchemy database migrations for Flask applications using Alembic"
category = "main"
optional = false
python-versions = "*"

[package.dependencies]
alembic = ">=0.7"
Flask = ">=0.9"
Flask-SQLAlchemy = ">=1.0"

[[package]]
name = "flask-restx"
version = "0.5.0"
description = "Fully featured framework for fast, easy and documented API development with Flask"
category = "main"
optional = false
python-versions = "*"

[package.dependencies]
aniso8601 = {version = ">=0.82", markers = "python_version >= \"3.5\""}
Flask = ">=0.8,<2.0.0 || >2.0.0"
jsonschema = "*"
pytz = "*"
six = ">=1.3.0"
werkzeug = "!=2.0.0"

[package.extras]
test = ["ossaudit", "pytest (==5.4.1)", "pytest (==4.6.5)", "twine (==1.15.0)", "readme-renderer (==24.0)", "invoke (==1.3.0)", "tzlocal", "pytest-profiling (==1.7.0)", "pytest-mock (==1.10.4)", "pytest-flask (==0.15.1)", "pytest-cov (==2.7.1)", "pytest-benchmark (==3.2.2)", "mock (==3.0.5)", "Faker (==2.0.0)", "blinker"]
doc = ["sphinx-issues (==1.2.0)", "Sphinx (==2.1.2)", "alabaster (==0.7.12)"]
dev = ["black", "ossaudit", "pytest (==5.4.1)", "pytest (==4.6.5)", "tox", "twine (==1.15.0)", "readme-renderer (==24.0)", "invoke (==1.3.0)", "tzlocal", "pytest-profiling (==1.7.0)", "pytest-mock (==1.10.4)", "pytest-flask (==0.15.1)", "pytest-cov (==2.7.1)", "pytest-benchmark (==3.2.2)", "mock (==3.0.5)", "Faker (==2.0.0)", "blinker"]

[[package]]
name = "flask-script"
version = "2.0.6"
description = "Scripting support for Flask"
category = "main"
optional = false
python-versions = "*"

[package.dependencies]
Flask = "*"

[[package]]
name = "flask-sqlalchemy"
version = "2.5.0"
description = "Adds SQLAlchemy support to your Flask application."
category = "main"
optional = false
python-versions = ">= 2.7, != 3.0.*, != 3.1.*, != 3.2.*, != 3.3.*"

[package.dependencies]
Flask = ">=0.10"
SQLAlchemy = ">=0.8.0"

[[package]]
name = "greenlet"
version = "1.1.3.post0"
description = "Lightweight in-process concurrent programming"
category = "main"
optional = false
python-versions = ">=2.7,!=3.0.*,!=3.1.*,!=3.2.*,!=3.3.*,!=3.4.*"

[package.extras]
docs = ["sphinx"]

[[package]]
name = "idna"
version = "3.4"
description = "Internationalized Domain Names in Applications (IDNA)"
category = "main"
optional = false
python-versions = ">=3.5"

[[package]]
name = "itsdangerous"
version = "2.0.1"
description = "Safely pass data to untrusted environments and back."
category = "main"
optional = false
python-versions = ">=3.6"

[[package]]
name = "jinja2"
version = "3.0.3"
description = "A very fast and expressive template engine."
category = "main"
optional = false
python-versions = ">=3.6"

[package.dependencies]
MarkupSafe = ">=2.0"

[package.extras]
i18n = ["Babel (>=2.7)"]

[[package]]
name = "jsonschema"
version = "4.16.0"
description = "An implementation of JSON Schema validation for Python"
category = "main"
optional = false
python-versions = ">=3.7"

[package.dependencies]
attrs = ">=17.4.0"
pyrsistent = ">=0.14.0,<0.17.0 || >0.17.0,<0.17.1 || >0.17.1,<0.17.2 || >0.17.2"

[package.extras]
format = ["fqdn", "idna", "isoduration", "jsonpointer (>1.13)", "rfc3339-validator", "rfc3987", "uri-template", "webcolors (>=1.11)"]
format-nongpl = ["fqdn", "idna", "isoduration", "jsonpointer (>1.13)", "rfc3339-validator", "rfc3986-validator (>0.1.0)", "uri-template", "webcolors (>=1.11)"]

[[package]]
name = "mako"
version = "1.2.3"
description = "A super-fast templating language that borrows the best ideas from the existing templating languages."
category = "main"
optional = false
python-versions = ">=3.7"

[package.dependencies]
MarkupSafe = ">=0.9.2"

[package.extras]
babel = ["babel"]
lingua = ["lingua"]
testing = ["pytest"]

[[package]]
name = "markupsafe"
version = "2.1.1"
description = "Safely add untrusted strings to HTML/XML markup."
category = "main"
optional = false
python-versions = ">=3.7"

[[package]]
name = "pika"
version = "1.3.0"
description = "Pika Python AMQP Client Library"
category = "main"
optional = false
python-versions = "*"

[package.extras]
twisted = ["twisted"]
tornado = ["tornado"]
gevent = ["gevent"]

[[package]]
name = "pyrsistent"
version = "0.18.1"
description = "Persistent/Functional/Immutable data structures"
category = "main"
optional = false
python-versions = ">=3.7"

[[package]]
name = "python-dotenv"
version = "0.21.0"
description = "Read key-value pairs from a .env file and set them as environment variables"
category = "main"
optional = false
python-versions = ">=3.7"

[package.extras]
cli = ["click (>=5.0)"]

[[package]]
name = "pytz"
version = "2022.4"
description = "World timezone definitions, modern and historical"
category = "main"
optional = false
python-versions = "*"

[[package]]
name = "requests"
version = "2.28.1"
description = "Python HTTP for Humans."
category = "main"
optional = false
python-versions = ">=3.7, <4"

[package.dependencies]
certifi = ">=2017.4.17"
charset-normalizer = ">=2,<3"
idna = ">=2.5,<4"
urllib3 = ">=1.21.1,<1.27"

[package.extras]
socks = ["PySocks (>=1.5.6,!=1.5.7)"]
use_chardet_on_py3 = ["chardet (>=3.0.2,<6)"]

[[package]]
name = "six"
version = "1.16.0"
description = "Python 2 and 3 compatibility utilities"
category = "main"
optional = false
python-versions = ">=2.7, !=3.0.*, !=3.1.*, !=3.2.*"

[[package]]
name = "sqlalchemy"
version = "1.4.41"
description = "Database Abstraction Library"
category = "main"
optional = false
python-versions = "!=3.0.*,!=3.1.*,!=3.2.*,!=3.3.*,!=3.4.*,!=3.5.*,>=2.7"

[package.dependencies]
greenlet = {version = "!=0.4.17", markers = "python_version >= \"3\" and (platform_machine == \"aarch64\" or platform_machine == \"ppc64le\" or platform_machine == \"x86_64\" or platform_machine == \"amd64\" or platform_machine == \"AMD64\" or platform_machine == \"win32\" or platform_machine == \"WIN32\")"}

[package.extras]
aiomysql = ["greenlet (!=0.4.17)", "aiomysql"]
aiosqlite = ["typing_extensions (!=3.10.0.1)", "greenlet (!=0.4.17)", "aiosqlite"]
asyncio = ["greenlet (!=0.4.17)"]
asyncmy = ["greenlet (!=0.4.17)", "asyncmy (>=0.2.3,!=0.2.4)"]
mariadb_connector = ["mariadb (>=1.0.1,!=1.1.2)"]
mssql = ["pyodbc"]
mssql_pymssql = ["pymssql"]
mssql_pyodbc = ["pyodbc"]
mypy = ["sqlalchemy2-stubs", "mypy (>=0.910)"]
mysql = ["mysqlclient (>=1.4.0,<2)", "mysqlclient (>=1.4.0)"]
mysql_connector = ["mysql-connector-python"]
oracle = ["cx_oracle (>=7,<8)", "cx_oracle (>=7)"]
postgresql = ["psycopg2 (>=2.7)"]
postgresql_asyncpg = ["greenlet (!=0.4.17)", "asyncpg"]
postgresql_pg8000 = ["pg8000 (>=1.16.6,!=1.29.0)"]
postgresql_psycopg2binary = ["psycopg2-binary"]
postgresql_psycopg2cffi = ["psycopg2cffi"]
pymysql = ["pymysql (<1)", "pymysql"]
sqlcipher = ["sqlcipher3-binary"]

[[package]]
name = "urllib3"
version = "1.26.12"
description = "HTTP library with thread-safe connection pooling, file post, and more."
category = "main"
optional = false
python-versions = ">=2.7, !=3.0.*, !=3.1.*, !=3.2.*, !=3.3.*, !=3.4.*, !=3.5.*, <4"

[package.extras]
brotli = ["brotlicffi (>=0.8.0)", "brotli (>=1.0.9)", "brotlipy (>=0.6.0)"]
secure = ["pyOpenSSL (>=0.14)", "cryptography (>=1.3.4)", "idna (>=2.0.0)", "certifi", "urllib3-secure-extra", "ipaddress"]
socks = ["PySocks (>=1.5.6,!=1.5.7,<2.0)"]

[[package]]
name = "werkzeug"
version = "1.0.1"
description = "The comprehensive WSGI web application library."
category = "main"
optional = false
python-versions = ">=2.7, !=3.0.*, !=3.1.*, !=3.2.*, !=3.3.*, !=3.4.*"

[package.extras]
watchdog = ["watchdog"]
dev = ["sphinx-issues", "pallets-sphinx-themes", "sphinx", "tox", "coverage", "pytest-timeout", "pytest"]

[metadata]
lock-version = "1.1"
python-versions = "3.10.5"
content-hash = "0151f264cb22fbcd0cb8ace3c94406476ab5ceb0198fb31622886aa72340cf51"

[metadata.files]
alembic = [
    {file = "alembic-1.8.1-py3-none-any.whl", hash = "sha256:0a024d7f2de88d738d7395ff866997314c837be6104e90c5724350313dee4da4"},
    {file = "alembic-1.8.1.tar.gz", hash = "sha256:cd0b5e45b14b706426b833f06369b9a6d5ee03f826ec3238723ce8caaf6e5ffa"},
]
aniso8601 = [
    {file = "aniso8601-9.0.1-py2.py3-none-any.whl", hash = "sha256:1d2b7ef82963909e93c4f24ce48d4de9e66009a21bf1c1e1c85bdd0812fe412f"},
    {file = "aniso8601-9.0.1.tar.gz", hash = "sha256:72e3117667eedf66951bb2d93f4296a56b94b078a8a95905a052611fb3f1b973"},
]
attrs = [
    {file = "attrs-22.1.0-py2.py3-none-any.whl", hash = "sha256:86efa402f67bf2df34f51a335487cf46b1ec130d02b8d39fd248abfd30da551c"},
    {file = "attrs-22.1.0.tar.gz", hash = "sha256:29adc2665447e5191d0e7c568fde78b21f9672d344281d0c6e1ab085429b22b6"},
]
certifi = [
    {file = "certifi-2022.9.24-py3-none-any.whl", hash = "sha256:90c1a32f1d68f940488354e36370f6cca89f0f106db09518524c88d6ed83f382"},
    {file = "certifi-2022.9.24.tar.gz", hash = "sha256:0d9c601124e5a6ba9712dbc60d9c53c21e34f5f641fe83002317394311bdce14"},
]
charset-normalizer = [
    {file = "charset-normalizer-2.1.1.tar.gz", hash = "sha256:5a3d016c7c547f69d6f81fb0db9449ce888b418b5b9952cc5e6e66843e9dd845"},
    {file = "charset_normalizer-2.1.1-py3-none-any.whl", hash = "sha256:83e9a75d1911279afd89352c68b45348559d1fc0506b054b346651b5e7fee29f"},
]
click = [
    {file = "click-8.1.3-py3-none-any.whl", hash = "sha256:bb4d8133cb15a609f44e8213d9b391b0809795062913b383c62be0ee95b1db48"},
    {file = "click-8.1.3.tar.gz", hash = "sha256:7682dc8afb30297001674575ea00d1814d808d6a36af415a82bd481d37ba7b8e"},
]
colorama = [
    {file = "colorama-0.4.5-py2.py3-none-any.whl", hash = "sha256:854bf444933e37f5824ae7bfc1e98d5bce2ebe4160d46b5edf346a89358e99da"},
    {file = "colorama-0.4.5.tar.gz", hash = "sha256:e6c6b4334fc50988a639d9b98aa429a0b57da6e17b9a44f0451f930b6967b7a4"},
]
flask = [
    {file = "Flask-1.1.2-py2.py3-none-any.whl", hash = "sha256:8a4fdd8936eba2512e9c85df320a37e694c93945b33ef33c89946a340a238557"},
    {file = "Flask-1.1.2.tar.gz", hash = "sha256:4efa1ae2d7c9865af48986de8aeb8504bf32c7f3d6fdc9353d34b21f4b127060"},
]
flask-cors = [
    {file = "Flask-Cors-3.0.9.tar.gz", hash = "sha256:6bcfc100288c5d1bcb1dbb854babd59beee622ffd321e444b05f24d6d58466b8"},
    {file = "Flask_Cors-3.0.9-py2.py3-none-any.whl", hash = "sha256:cee4480aaee421ed029eaa788f4049e3e26d15b5affb6a880dade6bafad38324"},
]
flask-migrate = [
    {file = "Flask-Migrate-2.5.3.tar.gz", hash = "sha256:a69d508c2e09d289f6e55a417b3b8c7bfe70e640f53d2d9deb0d056a384f37ee"},
    {file = "Flask_Migrate-2.5.3-py2.py3-none-any.whl", hash = "sha256:4dc4a5cce8cbbb06b8dc963fd86cf8136bd7d875aabe2d840302ea739b243732"},
]
flask-restx = [
    {file = "flask-restx-0.5.0.tar.gz", hash = "sha256:7e9f7cd5e843dd653a71fafb7c8ce9d7b4fef29f982a2254b1e0ebb3fac1fe12"},
    {file = "flask_restx-0.5.0-py2.py3-none-any.whl", hash = "sha256:c3c2b724e688c0a50ee5e78f2a508b7f0c34644f00f64170fa8a3d0cdc34f67a"},
]
flask-script = [
    {file = "Flask-Script-2.0.6.tar.gz", hash = "sha256:6425963d91054cfcc185807141c7314a9c5ad46325911bd24dcb489bd0161c65"},
]
flask-sqlalchemy = [
    {file = "Flask-SQLAlchemy-2.5.0.tar.gz", hash = "sha256:27448f04f46cfb7588ff30a4b7efb08b91d99f80dbee3d884c3cf76fab01cca2"},
    {file = "Flask_SQLAlchemy-2.5.0-py2.py3-none-any.whl", hash = "sha256:0d5153bf451c42880540eea7650300cf0dfec0c16c554f0de5541e78c7cc0443"},
]
greenlet = [
    {file = "greenlet-1.1.3.post0-cp27-cp27m-macosx_10_14_x86_64.whl", hash = "sha256:949c9061b8c6d3e6e439466a9be1e787208dec6246f4ec5fffe9677b4c19fcc3"},
    {file = "greenlet-1.1.3.post0-cp27-cp27m-manylinux1_x86_64.whl", hash = "sha256:d7815e1519a8361c5ea2a7a5864945906f8e386fa1bc26797b4d443ab11a4589"},
    {file = "greenlet-1.1.3.post0-cp27-cp27m-manylinux2010_x86_64.whl", hash = "sha256:9649891ab4153f217f319914455ccf0b86986b55fc0573ce803eb998ad7d6854"},
    {file = "greenlet-1.1.3.post0-cp27-cp27m-win32.whl", hash = "sha256:11fc7692d95cc7a6a8447bb160d98671ab291e0a8ea90572d582d57361360f05"},
    {file = "greenlet-1.1.3.post0-cp27-cp27m-win_amd64.whl", hash = "sha256:05ae7383f968bba4211b1fbfc90158f8e3da86804878442b4fb6c16ccbcaa519"},
    {file = "greenlet-1.1.3.post0-cp27-cp27mu-manylinux1_x86_64.whl", hash = "sha256:ccbe7129a282ec5797df0451ca1802f11578be018a32979131065565da89b392"},
    {file = "greenlet-1.1.3.post0-cp27-cp27mu-manylinux2010_x86_64.whl", hash = "sha256:4a8b58232f5b72973350c2b917ea3df0bebd07c3c82a0a0e34775fc2c1f857e9"},
    {file = "greenlet-1.1.3.post0-cp310-cp310-macosx_10_15_x86_64.whl", hash = "sha256:f6661b58412879a2aa099abb26d3c93e91dedaba55a6394d1fb1512a77e85de9"},
    {file = "greenlet-1.1.3.post0-cp310-cp310-manylinux_2_17_aarch64.manylinux2014_aarch64.whl", hash = "sha256:2c6e942ca9835c0b97814d14f78da453241837419e0d26f7403058e8db3e38f8"},
    {file = "greenlet-1.1.3.post0-cp310-cp310-manylinux_2_17_ppc64le.manylinux2014_ppc64le.whl", hash = "sha256:a812df7282a8fc717eafd487fccc5ba40ea83bb5b13eb3c90c446d88dbdfd2be"},
    {file = "greenlet-1.1.3.post0-cp310-cp310-manylinux_2_17_x86_64.manylinux2014_x86_64.whl", hash = "sha256:83a7a6560df073ec9de2b7cb685b199dfd12519bc0020c62db9d1bb522f989fa"},
    {file = "greenlet-1.1.3.post0-cp310-cp310-musllinux_1_1_aarch64.whl", hash = "sha256:17a69967561269b691747e7f436d75a4def47e5efcbc3c573180fc828e176d80"},
    {file = "greenlet-1.1.3.post0-cp310-cp310-musllinux_1_1_x86_64.whl", hash = "sha256:60839ab4ea7de6139a3be35b77e22e0398c270020050458b3d25db4c7c394df5"},
    {file = "greenlet-1.1.3.post0-cp310-cp310-win_amd64.whl", hash = "sha256:8926a78192b8b73c936f3e87929931455a6a6c6c385448a07b9f7d1072c19ff3"},
    {file = "greenlet-1.1.3.post0-cp311-cp311-macosx_10_15_x86_64.whl", hash = "sha256:c6f90234e4438062d6d09f7d667f79edcc7c5e354ba3a145ff98176f974b8132"},
    {file = "greenlet-1.1.3.post0-cp311-cp311-manylinux_2_17_aarch64.manylinux2014_aarch64.whl", hash = "sha256:814f26b864ed2230d3a7efe0336f5766ad012f94aad6ba43a7c54ca88dd77cba"},
    {file = "greenlet-1.1.3.post0-cp311-cp311-manylinux_2_17_ppc64le.manylinux2014_ppc64le.whl", hash = "sha256:8fda1139d87ce5f7bd80e80e54f9f2c6fe2f47983f1a6f128c47bf310197deb6"},
    {file = "greenlet-1.1.3.post0-cp311-cp311-manylinux_2_17_x86_64.manylinux2014_x86_64.whl", hash = "sha256:c0643250dd0756f4960633f5359884f609a234d4066686754e834073d84e9b51"},
    {file = "greenlet-1.1.3.post0-cp311-cp311-musllinux_1_1_aarch64.whl", hash = "sha256:cb863057bed786f6622982fb8b2c122c68e6e9eddccaa9fa98fd937e45ee6c4f"},
    {file = "greenlet-1.1.3.post0-cp311-cp311-musllinux_1_1_x86_64.whl", hash = "sha256:8c0581077cf2734569f3e500fab09c0ff6a2ab99b1afcacbad09b3c2843ae743"},
    {file = "greenlet-1.1.3.post0-cp35-cp35m-macosx_10_14_x86_64.whl", hash = "sha256:695d0d8b5ae42c800f1763c9fce9d7b94ae3b878919379150ee5ba458a460d57"},
    {file = "greenlet-1.1.3.post0-cp35-cp35m-manylinux1_x86_64.whl", hash = "sha256:5662492df0588a51d5690f6578f3bbbd803e7f8d99a99f3bf6128a401be9c269"},
    {file = "greenlet-1.1.3.post0-cp35-cp35m-manylinux2010_x86_64.whl", hash = "sha256:bffba15cff4802ff493d6edcf20d7f94ab1c2aee7cfc1e1c7627c05f1102eee8"},
    {file = "greenlet-1.1.3.post0-cp35-cp35m-win32.whl", hash = "sha256:7afa706510ab079fd6d039cc6e369d4535a48e202d042c32e2097f030a16450f"},
    {file = "greenlet-1.1.3.post0-cp35-cp35m-win_amd64.whl", hash = "sha256:3a24f3213579dc8459e485e333330a921f579543a5214dbc935bc0763474ece3"},
    {file = "greenlet-1.1.3.post0-cp36-cp36m-macosx_10_14_x86_64.whl", hash = "sha256:64e10f303ea354500c927da5b59c3802196a07468332d292aef9ddaca08d03dd"},
    {file = "greenlet-1.1.3.post0-cp36-cp36m-manylinux1_x86_64.whl", hash = "sha256:eb6ac495dccb1520667cfea50d89e26f9ffb49fa28496dea2b95720d8b45eb54"},
    {file = "greenlet-1.1.3.post0-cp36-cp36m-manylinux2010_x86_64.whl", hash = "sha256:88720794390002b0c8fa29e9602b395093a9a766b229a847e8d88349e418b28a"},
    {file = "greenlet-1.1.3.post0-cp36-cp36m-manylinux_2_17_aarch64.manylinux2014_aarch64.whl", hash = "sha256:39464518a2abe9c505a727af7c0b4efff2cf242aa168be5f0daa47649f4d7ca8"},
    {file = "greenlet-1.1.3.post0-cp36-cp36m-manylinux_2_17_ppc64le.manylinux2014_ppc64le.whl", hash = "sha256:0914f02fcaa8f84f13b2df4a81645d9e82de21ed95633765dd5cc4d3af9d7403"},
    {file = "greenlet-1.1.3.post0-cp36-cp36m-manylinux_2_17_x86_64.manylinux2014_x86_64.whl", hash = "sha256:96656c5f7c95fc02c36d4f6ef32f4e94bb0b6b36e6a002c21c39785a4eec5f5d"},
    {file = "greenlet-1.1.3.post0-cp36-cp36m-musllinux_1_1_aarch64.whl", hash = "sha256:4f74aa0092602da2069df0bc6553919a15169d77bcdab52a21f8c5242898f519"},
    {file = "greenlet-1.1.3.post0-cp36-cp36m-musllinux_1_1_x86_64.whl", hash = "sha256:3aeac044c324c1a4027dca0cde550bd83a0c0fbff7ef2c98df9e718a5086c194"},
    {file = "greenlet-1.1.3.post0-cp36-cp36m-win32.whl", hash = "sha256:fe7c51f8a2ab616cb34bc33d810c887e89117771028e1e3d3b77ca25ddeace04"},
    {file = "greenlet-1.1.3.post0-cp36-cp36m-win_amd64.whl", hash = "sha256:70048d7b2c07c5eadf8393e6398595591df5f59a2f26abc2f81abca09610492f"},
    {file = "greenlet-1.1.3.post0-cp37-cp37m-macosx_10_15_x86_64.whl", hash = "sha256:66aa4e9a726b70bcbfcc446b7ba89c8cec40f405e51422c39f42dfa206a96a05"},
    {file = "greenlet-1.1.3.post0-cp37-cp37m-manylinux1_x86_64.whl", hash = "sha256:025b8de2273d2809f027d347aa2541651d2e15d593bbce0d5f502ca438c54136"},
    {file = "greenlet-1.1.3.post0-cp37-cp37m-manylinux2010_x86_64.whl", hash = "sha256:82a38d7d2077128a017094aff334e67e26194f46bd709f9dcdacbf3835d47ef5"},
    {file = "greenlet-1.1.3.post0-cp37-cp37m-manylinux_2_17_aarch64.manylinux2014_aarch64.whl", hash = "sha256:f7d20c3267385236b4ce54575cc8e9f43e7673fc761b069c820097092e318e3b"},
    {file = "greenlet-1.1.3.post0-cp37-cp37m-manylinux_2_17_ppc64le.manylinux2014_ppc64le.whl", hash = "sha256:c8ece5d1a99a2adcb38f69af2f07d96fb615415d32820108cd340361f590d128"},
    {file = "greenlet-1.1.3.post0-cp37-cp37m-manylinux_2_17_x86_64.manylinux2014_x86_64.whl", hash = "sha256:2794eef1b04b5ba8948c72cc606aab62ac4b0c538b14806d9c0d88afd0576d6b"},
    {file = "greenlet-1.1.3.post0-cp37-cp37m-musllinux_1_1_aarch64.whl", hash = "sha256:a8d24eb5cb67996fb84633fdc96dbc04f2d8b12bfcb20ab3222d6be271616b67"},
    {file = "greenlet-1.1.3.post0-cp37-cp37m-musllinux_1_1_x86_64.whl", hash = "sha256:0120a879aa2b1ac5118bce959ea2492ba18783f65ea15821680a256dfad04754"},
    {file = "greenlet-1.1.3.post0-cp37-cp37m-win32.whl", hash = "sha256:bef49c07fcb411c942da6ee7d7ea37430f830c482bf6e4b72d92fd506dd3a427"},
    {file = "greenlet-1.1.3.post0-cp37-cp37m-win_amd64.whl", hash = "sha256:62723e7eb85fa52e536e516ee2ac91433c7bb60d51099293671815ff49ed1c21"},
    {file = "greenlet-1.1.3.post0-cp38-cp38-macosx_10_15_x86_64.whl", hash = "sha256:d25cdedd72aa2271b984af54294e9527306966ec18963fd032cc851a725ddc1b"},
    {file = "greenlet-1.1.3.post0-cp38-cp38-manylinux1_x86_64.whl", hash = "sha256:924df1e7e5db27d19b1359dc7d052a917529c95ba5b8b62f4af611176da7c8ad"},
    {file = "greenlet-1.1.3.post0-cp38-cp38-manylinux2010_x86_64.whl", hash = "sha256:ec615d2912b9ad807afd3be80bf32711c0ff9c2b00aa004a45fd5d5dde7853d9"},
    {file = "greenlet-1.1.3.post0-cp38-cp38-manylinux_2_17_aarch64.manylinux2014_aarch64.whl", hash = "sha256:0971d37ae0eaf42344e8610d340aa0ad3d06cd2eee381891a10fe771879791f9"},
    {file = "greenlet-1.1.3.post0-cp38-cp38-manylinux_2_17_ppc64le.manylinux2014_ppc64le.whl", hash = "sha256:325f272eb997916b4a3fc1fea7313a8adb760934c2140ce13a2117e1b0a8095d"},
    {file = "greenlet-1.1.3.post0-cp38-cp38-manylinux_2_17_x86_64.manylinux2014_x86_64.whl", hash = "sha256:d75afcbb214d429dacdf75e03a1d6d6c5bd1fa9c35e360df8ea5b6270fb2211c"},
    {file = "greenlet-1.1.3.post0-cp38-cp38-musllinux_1_1_aarch64.whl", hash = "sha256:5c2d21c2b768d8c86ad935e404cc78c30d53dea009609c3ef3a9d49970c864b5"},
    {file = "greenlet-1.1.3.post0-cp38-cp38-musllinux_1_1_x86_64.whl", hash = "sha256:467b73ce5dcd89e381292fb4314aede9b12906c18fab903f995b86034d96d5c8"},
    {file = "greenlet-1.1.3.post0-cp38-cp38-win32.whl", hash = "sha256:8149a6865b14c33be7ae760bcdb73548bb01e8e47ae15e013bf7ef9290ca309a"},
    {file = "greenlet-1.1.3.post0-cp38-cp38-win_amd64.whl", hash = "sha256:104f29dd822be678ef6b16bf0035dcd43206a8a48668a6cae4d2fe9c7a7abdeb"},
    {file = "greenlet-1.1.3.post0-cp39-cp39-macosx_10_15_x86_64.whl", hash = "sha256:c8c9301e3274276d3d20ab6335aa7c5d9e5da2009cccb01127bddb5c951f8870"},
    {file = "greenlet-1.1.3.post0-cp39-cp39-manylinux1_x86_64.whl", hash = "sha256:8415239c68b2ec9de10a5adf1130ee9cb0ebd3e19573c55ba160ff0ca809e012"},
    {file = "greenlet-1.1.3.post0-cp39-cp39-manylinux2010_x86_64.whl", hash = "sha256:3c22998bfef3fcc1b15694818fc9b1b87c6cc8398198b96b6d355a7bcb8c934e"},
    {file = "greenlet-1.1.3.post0-cp39-cp39-manylinux_2_17_aarch64.manylinux2014_aarch64.whl", hash = "sha256:0aa1845944e62f358d63fcc911ad3b415f585612946b8edc824825929b40e59e"},
    {file = "greenlet-1.1.3.post0-cp39-cp39-manylinux_2_17_ppc64le.manylinux2014_ppc64le.whl", hash = "sha256:890f633dc8cb307761ec566bc0b4e350a93ddd77dc172839be122be12bae3e10"},
    {file = "greenlet-1.1.3.post0-cp39-cp39-manylinux_2_17_x86_64.manylinux2014_x86_64.whl", hash = "sha256:7cf37343e43404699d58808e51f347f57efd3010cc7cee134cdb9141bd1ad9ea"},
    {file = "greenlet-1.1.3.post0-cp39-cp39-musllinux_1_1_aarch64.whl", hash = "sha256:5edf75e7fcfa9725064ae0d8407c849456553a181ebefedb7606bac19aa1478b"},
    {file = "greenlet-1.1.3.post0-cp39-cp39-musllinux_1_1_x86_64.whl", hash = "sha256:0a954002064ee919b444b19c1185e8cce307a1f20600f47d6f4b6d336972c809"},
    {file = "greenlet-1.1.3.post0-cp39-cp39-win32.whl", hash = "sha256:2ccdc818cc106cc238ff7eba0d71b9c77be868fdca31d6c3b1347a54c9b187b2"},
    {file = "greenlet-1.1.3.post0-cp39-cp39-win_amd64.whl", hash = "sha256:91a84faf718e6f8b888ca63d0b2d6d185c8e2a198d2a7322d75c303e7097c8b7"},
    {file = "greenlet-1.1.3.post0.tar.gz", hash = "sha256:f5e09dc5c6e1796969fd4b775ea1417d70e49a5df29aaa8e5d10675d9e11872c"},
]
idna = [
    {file = "idna-3.4-py3-none-any.whl", hash = "sha256:90b77e79eaa3eba6de819a0c442c0b4ceefc341a7a2ab77d7562bf49f425c5c2"},
    {file = "idna-3.4.tar.gz", hash = "sha256:814f528e8dead7d329833b91c5faa87d60bf71824cd12a7530b5526063d02cb4"},
]
itsdangerous = [
    {file = "itsdangerous-2.0.1-py3-none-any.whl", hash = "sha256:5174094b9637652bdb841a3029700391451bd092ba3db90600dea710ba28e97c"},
    {file = "itsdangerous-2.0.1.tar.gz", hash = "sha256:9e724d68fc22902a1435351f84c3fb8623f303fffcc566a4cb952df8c572cff0"},
]
jinja2 = [
    {file = "Jinja2-3.0.3-py3-none-any.whl", hash = "sha256:077ce6014f7b40d03b47d1f1ca4b0fc8328a692bd284016f806ed0eaca390ad8"},
    {file = "Jinja2-3.0.3.tar.gz", hash = "sha256:611bb273cd68f3b993fabdc4064fc858c5b47a973cb5aa7999ec1ba405c87cd7"},
]
jsonschema = [
    {file = "jsonschema-4.16.0-py3-none-any.whl", hash = "sha256:9e74b8f9738d6a946d70705dc692b74b5429cd0960d58e79ffecfc43b2221eb9"},
    {file = "jsonschema-4.16.0.tar.gz", hash = "sha256:165059f076eff6971bae5b742fc029a7b4ef3f9bcf04c14e4776a7605de14b23"},
]
mako = [
    {file = "Mako-1.2.3-py3-none-any.whl", hash = "sha256:c413a086e38cd885088d5e165305ee8eed04e8b3f8f62df343480da0a385735f"},
    {file = "Mako-1.2.3.tar.gz", hash = "sha256:7fde96466fcfeedb0eed94f187f20b23d85e4cb41444be0e542e2c8c65c396cd"},
]
markupsafe = [
    {file = "MarkupSafe-2.1.1-cp310-cp310-macosx_10_9_universal2.whl", hash = "sha256:86b1f75c4e7c2ac2ccdaec2b9022845dbb81880ca318bb7a0a01fbf7813e3812"},
    {file = "MarkupSafe-2.1.1-cp310-cp310-macosx_10_9_x86_64.whl", hash = "sha256:f121a1420d4e173a5d96e47e9a0c0dcff965afdf1626d28de1460815f7c4ee7a"},
    {file = "MarkupSafe-2.1.1-cp310-cp310-manylinux_2_17_aarch64.manylinux2014_aarch64.whl", hash = "sha256:a49907dd8420c5685cfa064a1335b6754b74541bbb3706c259c02ed65b644b3e"},
    {file = "MarkupSafe-2.1.1-cp310-cp310-manylinux_2_17_x86_64.manylinux2014_x86_64.whl", hash = "sha256:10c1bfff05d95783da83491be968e8fe789263689c02724e0c691933c52994f5"},
    {file = "MarkupSafe-2.1.1-cp310-cp310-manylinux_2_5_i686.manylinux1_i686.manylinux_2_17_i686.manylinux2014_i686.whl", hash = "sha256:b7bd98b796e2b6553da7225aeb61f447f80a1ca64f41d83612e6139ca5213aa4"},
    {file = "MarkupSafe-2.1.1-cp310-cp310-musllinux_1_1_aarch64.whl", hash = "sha256:b09bf97215625a311f669476f44b8b318b075847b49316d3e28c08e41a7a573f"},
    {file = "MarkupSafe-2.1.1-cp310-cp310-musllinux_1_1_i686.whl", hash = "sha256:694deca8d702d5db21ec83983ce0bb4b26a578e71fbdbd4fdcd387daa90e4d5e"},
    {file = "MarkupSafe-2.1.1-cp310-cp310-musllinux_1_1_x86_64.whl", hash = "sha256:efc1913fd2ca4f334418481c7e595c00aad186563bbc1ec76067848c7ca0a933"},
    {file = "MarkupSafe-2.1.1-cp310-cp310-win32.whl", hash = "sha256:4a33dea2b688b3190ee12bd7cfa29d39c9ed176bda40bfa11099a3ce5d3a7ac6"},
    {file = "MarkupSafe-2.1.1-cp310-cp310-win_amd64.whl", hash = "sha256:dda30ba7e87fbbb7eab1ec9f58678558fd9a6b8b853530e176eabd064da81417"},
    {file = "MarkupSafe-2.1.1-cp37-cp37m-macosx_10_9_x86_64.whl", hash = "sha256:671cd1187ed5e62818414afe79ed29da836dde67166a9fac6d435873c44fdd02"},
    {file = "MarkupSafe-2.1.1-cp37-cp37m-manylinux_2_17_aarch64.manylinux2014_aarch64.whl", hash = "sha256:3799351e2336dc91ea70b034983ee71cf2f9533cdff7c14c90ea126bfd95d65a"},
    {file = "MarkupSafe-2.1.1-cp37-cp37m-manylinux_2_17_x86_64.manylinux2014_x86_64.whl", hash = "sha256:e72591e9ecd94d7feb70c1cbd7be7b3ebea3f548870aa91e2732960fa4d57a37"},
    {file = "MarkupSafe-2.1.1-cp37-cp37m-manylinux_2_5_i686.manylinux1_i686.manylinux_2_17_i686.manylinux2014_i686.whl", hash = "sha256:6fbf47b5d3728c6aea2abb0589b5d30459e369baa772e0f37a0320185e87c980"},
    {file = "MarkupSafe-2.1.1-cp37-cp37m-musllinux_1_1_aarch64.whl", hash = "sha256:d5ee4f386140395a2c818d149221149c54849dfcfcb9f1debfe07a8b8bd63f9a"},
    {file = "MarkupSafe-2.1.1-cp37-cp37m-musllinux_1_1_i686.whl", hash = "sha256:bcb3ed405ed3222f9904899563d6fc492ff75cce56cba05e32eff40e6acbeaa3"},
    {file = "MarkupSafe-2.1.1-cp37-cp37m-musllinux_1_1_x86_64.whl", hash = "sha256:e1c0b87e09fa55a220f058d1d49d3fb8df88fbfab58558f1198e08c1e1de842a"},
    {file = "MarkupSafe-2.1.1-cp37-cp37m-win32.whl", hash = "sha256:8dc1c72a69aa7e082593c4a203dcf94ddb74bb5c8a731e4e1eb68d031e8498ff"},
    {file = "MarkupSafe-2.1.1-cp37-cp37m-win_amd64.whl", hash = "sha256:97a68e6ada378df82bc9f16b800ab77cbf4b2fada0081794318520138c088e4a"},
    {file = "MarkupSafe-2.1.1-cp38-cp38-macosx_10_9_universal2.whl", hash = "sha256:e8c843bbcda3a2f1e3c2ab25913c80a3c5376cd00c6e8c4a86a89a28c8dc5452"},
    {file = "MarkupSafe-2.1.1-cp38-cp38-macosx_10_9_x86_64.whl", hash = "sha256:0212a68688482dc52b2d45013df70d169f542b7394fc744c02a57374a4207003"},
    {file = "MarkupSafe-2.1.1-cp38-cp38-manylinux_2_17_aarch64.manylinux2014_aarch64.whl", hash = "sha256:8e576a51ad59e4bfaac456023a78f6b5e6e7651dcd383bcc3e18d06f9b55d6d1"},
    {file = "MarkupSafe-2.1.1-cp38-cp38-manylinux_2_17_x86_64.manylinux2014_x86_64.whl", hash = "sha256:4b9fe39a2ccc108a4accc2676e77da025ce383c108593d65cc909add5c3bd601"},
    {file = "MarkupSafe-2.1.1-cp38-cp38-manylinux_2_5_i686.manylinux1_i686.manylinux_2_17_i686.manylinux2014_i686.whl", hash = "sha256:96e37a3dc86e80bf81758c152fe66dbf60ed5eca3d26305edf01892257049925"},
    {file = "MarkupSafe-2.1.1-cp38-cp38-musllinux_1_1_aarch64.whl", hash = "sha256:6d0072fea50feec76a4c418096652f2c3238eaa014b2f94aeb1d56a66b41403f"},
    {file = "MarkupSafe-2.1.1-cp38-cp38-musllinux_1_1_i686.whl", hash = "sha256:089cf3dbf0cd6c100f02945abeb18484bd1ee57a079aefd52cffd17fba910b88"},
    {file = "MarkupSafe-2.1.1-cp38-cp38-musllinux_1_1_x86_64.whl", hash = "sha256:6a074d34ee7a5ce3effbc526b7083ec9731bb3cbf921bbe1d3005d4d2bdb3a63"},
    {file = "MarkupSafe-2.1.1-cp38-cp38-win32.whl", hash = "sha256:421be9fbf0ffe9ffd7a378aafebbf6f4602d564d34be190fc19a193232fd12b1"},
    {file = "MarkupSafe-2.1.1-cp38-cp38-win_amd64.whl", hash = "sha256:fc7b548b17d238737688817ab67deebb30e8073c95749d55538ed473130ec0c7"},
    {file = "MarkupSafe-2.1.1-cp39-cp39-macosx_10_9_universal2.whl", hash = "sha256:e04e26803c9c3851c931eac40c695602c6295b8d432cbe78609649ad9bd2da8a"},
    {file = "MarkupSafe-2.1.1-cp39-cp39-macosx_10_9_x86_64.whl", hash = "sha256:b87db4360013327109564f0e591bd2a3b318547bcef31b468a92ee504d07ae4f"},
    {file = "MarkupSafe-2.1.1-cp39-cp39-manylinux_2_17_aarch64.manylinux2014_aarch64.whl", hash = "sha256:99a2a507ed3ac881b975a2976d59f38c19386d128e7a9a18b7df6fff1fd4c1d6"},
    {file = "MarkupSafe-2.1.1-cp39-cp39-manylinux_2_17_x86_64.manylinux2014_x86_64.whl", hash = "sha256:56442863ed2b06d19c37f94d999035e15ee982988920e12a5b4ba29b62ad1f77"},
    {file = "MarkupSafe-2.1.1-cp39-cp39-manylinux_2_5_i686.manylinux1_i686.manylinux_2_17_i686.manylinux2014_i686.whl", hash = "sha256:3ce11ee3f23f79dbd06fb3d63e2f6af7b12db1d46932fe7bd8afa259a5996603"},
    {file = "MarkupSafe-2.1.1-cp39-cp39-musllinux_1_1_aarch64.whl", hash = "sha256:33b74d289bd2f5e527beadcaa3f401e0df0a89927c1559c8566c066fa4248ab7"},
    {file = "MarkupSafe-2.1.1-cp39-cp39-musllinux_1_1_i686.whl", hash = "sha256:43093fb83d8343aac0b1baa75516da6092f58f41200907ef92448ecab8825135"},
    {file = "MarkupSafe-2.1.1-cp39-cp39-musllinux_1_1_x86_64.whl", hash = "sha256:8e3dcf21f367459434c18e71b2a9532d96547aef8a871872a5bd69a715c15f96"},
    {file = "MarkupSafe-2.1.1-cp39-cp39-win32.whl", hash = "sha256:d4306c36ca495956b6d568d276ac11fdd9c30a36f1b6eb928070dc5360b22e1c"},
    {file = "MarkupSafe-2.1.1-cp39-cp39-win_amd64.whl", hash = "sha256:46d00d6cfecdde84d40e572d63735ef81423ad31184100411e6e3388d405e247"},
    {file = "MarkupSafe-2.1.1.tar.gz", hash = "sha256:7f91197cc9e48f989d12e4e6fbc46495c446636dfc81b9ccf50bb0ec74b91d4b"},
]
pika = [
    {file = "pika-1.3.0-py3-none-any.whl", hash = "sha256:9195f37aed089862b205fd8f8ce1cc6ea0a7ee3cd80f58e6eea6cb9d8411a647"},
    {file = "pika-1.3.0.tar.gz", hash = "sha256:15357ddc47a5c28f0b07d80e93d504cbbf7a1ad5e1cd129ecd27afe76472c529"},
]
pyrsistent = [
    {file = "pyrsistent-0.18.1-cp310-cp310-macosx_10_9_universal2.whl", hash = "sha256:df46c854f490f81210870e509818b729db4488e1f30f2a1ce1698b2295a878d1"},
    {file = "pyrsistent-0.18.1-cp310-cp310-manylinux_2_17_x86_64.manylinux2014_x86_64.whl", hash = "sha256:5d45866ececf4a5fff8742c25722da6d4c9e180daa7b405dc0a2a2790d668c26"},
    {file = "pyrsistent-0.18.1-cp310-cp310-manylinux_2_5_i686.manylinux1_i686.manylinux_2_17_i686.manylinux2014_i686.whl", hash = "sha256:4ed6784ceac462a7d6fcb7e9b663e93b9a6fb373b7f43594f9ff68875788e01e"},
    {file = "pyrsistent-0.18.1-cp310-cp310-win32.whl", hash = "sha256:e4f3149fd5eb9b285d6bfb54d2e5173f6a116fe19172686797c056672689daf6"},
    {file = "pyrsistent-0.18.1-cp310-cp310-win_amd64.whl", hash = "sha256:636ce2dc235046ccd3d8c56a7ad54e99d5c1cd0ef07d9ae847306c91d11b5fec"},
    {file = "pyrsistent-0.18.1-cp37-cp37m-macosx_10_9_x86_64.whl", hash = "sha256:e92a52c166426efbe0d1ec1332ee9119b6d32fc1f0bbfd55d5c1088070e7fc1b"},
    {file = "pyrsistent-0.18.1-cp37-cp37m-manylinux_2_17_x86_64.manylinux2014_x86_64.whl", hash = "sha256:d7a096646eab884bf8bed965bad63ea327e0d0c38989fc83c5ea7b8a87037bfc"},
    {file = "pyrsistent-0.18.1-cp37-cp37m-manylinux_2_5_i686.manylinux1_i686.manylinux_2_17_i686.manylinux2014_i686.whl", hash = "sha256:cdfd2c361b8a8e5d9499b9082b501c452ade8bbf42aef97ea04854f4a3f43b22"},
    {file = "pyrsistent-0.18.1-cp37-cp37m-win32.whl", hash = "sha256:7ec335fc998faa4febe75cc5268a9eac0478b3f681602c1f27befaf2a1abe1d8"},
    {file = "pyrsistent-0.18.1-cp37-cp37m-win_amd64.whl", hash = "sha256:6455fc599df93d1f60e1c5c4fe471499f08d190d57eca040c0ea182301321286"},
    {file = "pyrsistent-0.18.1-cp38-cp38-macosx_10_9_universal2.whl", hash = "sha256:fd8da6d0124efa2f67d86fa70c851022f87c98e205f0594e1fae044e7119a5a6"},
    {file = "pyrsistent-0.18.1-cp38-cp38-manylinux_2_17_x86_64.manylinux2014_x86_64.whl", hash = "sha256:7bfe2388663fd18bd8ce7db2c91c7400bf3e1a9e8bd7d63bf7e77d39051b85ec"},
    {file = "pyrsistent-0.18.1-cp38-cp38-manylinux_2_5_i686.manylinux1_i686.manylinux_2_17_i686.manylinux2014_i686.whl", hash = "sha256:0e3e1fcc45199df76053026a51cc59ab2ea3fc7c094c6627e93b7b44cdae2c8c"},
    {file = "pyrsistent-0.18.1-cp38-cp38-win32.whl", hash = "sha256:b568f35ad53a7b07ed9b1b2bae09eb15cdd671a5ba5d2c66caee40dbf91c68ca"},
    {file = "pyrsistent-0.18.1-cp38-cp38-win_amd64.whl", hash = "sha256:d1b96547410f76078eaf66d282ddca2e4baae8964364abb4f4dcdde855cd123a"},
    {file = "pyrsistent-0.18.1-cp39-cp39-macosx_10_9_universal2.whl", hash = "sha256:f87cc2863ef33c709e237d4b5f4502a62a00fab450c9e020892e8e2ede5847f5"},
    {file = "pyrsistent-0.18.1-cp39-cp39-manylinux_2_17_x86_64.manylinux2014_x86_64.whl", hash = "sha256:6bc66318fb7ee012071b2792024564973ecc80e9522842eb4e17743604b5e045"},
    {file = "pyrsistent-0.18.1-cp39-cp39-manylinux_2_5_i686.manylinux1_i686.manylinux_2_17_i686.manylinux2014_i686.whl", hash = "sha256:914474c9f1d93080338ace89cb2acee74f4f666fb0424896fcfb8d86058bf17c"},
    {file = "pyrsistent-0.18.1-cp39-cp39-win32.whl", hash = "sha256:1b34eedd6812bf4d33814fca1b66005805d3640ce53140ab8bbb1e2651b0d9bc"},
    {file = "pyrsistent-0.18.1-cp39-cp39-win_amd64.whl", hash = "sha256:e24a828f57e0c337c8d8bb9f6b12f09dfdf0273da25fda9e314f0b684b415a07"},
    {file = "pyrsistent-0.18.1.tar.gz", hash = "sha256:d4d61f8b993a7255ba714df3aca52700f8125289f84f704cf80916517c46eb96"},
]
python-dotenv = [
    {file = "python-dotenv-0.21.0.tar.gz", hash = "sha256:b77d08274639e3d34145dfa6c7008e66df0f04b7be7a75fd0d5292c191d79045"},
    {file = "python_dotenv-0.21.0-py3-none-any.whl", hash = "sha256:1684eb44636dd462b66c3ee016599815514527ad99965de77f43e0944634a7e5"},
]
pytz = [
    {file = "pytz-2022.4-py2.py3-none-any.whl", hash = "sha256:2c0784747071402c6e99f0bafdb7da0fa22645f06554c7ae06bf6358897e9c91"},
    {file = "pytz-2022.4.tar.gz", hash = "sha256:48ce799d83b6f8aab2020e369b627446696619e79645419610b9facd909b3174"},
]
requests = [
    {file = "requests-2.28.1-py3-none-any.whl", hash = "sha256:8fefa2a1a1365bf5520aac41836fbee479da67864514bdb821f31ce07ce65349"},
    {file = "requests-2.28.1.tar.gz", hash = "sha256:7c5599b102feddaa661c826c56ab4fee28bfd17f5abca1ebbe3e7f19d7c97983"},
]
six = [
    {file = "six-1.16.0-py2.py3-none-any.whl", hash = "sha256:8abb2f1d86890a2dfb989f9a77cfcfd3e47c2a354b01111771326f8aa26e0254"},
    {file = "six-1.16.0.tar.gz", hash = "sha256:1e61c37477a1626458e36f7b1d82aa5c9b094fa4802892072e49de9c60c4c926"},
]
sqlalchemy = [
    {file = "SQLAlchemy-1.4.41-cp27-cp27m-macosx_10_14_x86_64.whl", hash = "sha256:13e397a9371ecd25573a7b90bd037db604331cf403f5318038c46ee44908c44d"},
    {file = "SQLAlchemy-1.4.41-cp27-cp27m-manylinux_2_5_x86_64.manylinux1_x86_64.whl", hash = "sha256:2d6495f84c4fd11584f34e62f9feec81bf373787b3942270487074e35cbe5330"},
    {file = "SQLAlchemy-1.4.41-cp27-cp27m-win32.whl", hash = "sha256:e570cfc40a29d6ad46c9aeaddbdcee687880940a3a327f2c668dd0e4ef0a441d"},
    {file = "SQLAlchemy-1.4.41-cp27-cp27m-win_amd64.whl", hash = "sha256:5facb7fd6fa8a7353bbe88b95695e555338fb038ad19ceb29c82d94f62775a05"},
    {file = "SQLAlchemy-1.4.41-cp27-cp27mu-manylinux_2_5_x86_64.manylinux1_x86_64.whl", hash = "sha256:f37fa70d95658763254941ddd30ecb23fc4ec0c5a788a7c21034fc2305dab7cc"},
    {file = "SQLAlchemy-1.4.41-cp310-cp310-macosx_10_15_x86_64.whl", hash = "sha256:361f6b5e3f659e3c56ea3518cf85fbdae1b9e788ade0219a67eeaaea8a4e4d2a"},
    {file = "SQLAlchemy-1.4.41-cp310-cp310-manylinux_2_17_aarch64.manylinux2014_aarch64.whl", hash = "sha256:0990932f7cca97fece8017414f57fdd80db506a045869d7ddf2dda1d7cf69ecc"},
    {file = "SQLAlchemy-1.4.41-cp310-cp310-manylinux_2_5_x86_64.manylinux1_x86_64.manylinux_2_12_x86_64.manylinux2010_x86_64.whl", hash = "sha256:cd767cf5d7252b1c88fcfb58426a32d7bd14a7e4942497e15b68ff5d822b41ad"},
    {file = "SQLAlchemy-1.4.41-cp310-cp310-manylinux_2_5_x86_64.manylinux1_x86_64.manylinux_2_17_x86_64.manylinux2014_x86_64.whl", hash = "sha256:5102fb9ee2c258a2218281adcb3e1918b793c51d6c2b4666ce38c35101bb940e"},
    {file = "SQLAlchemy-1.4.41-cp310-cp310-win32.whl", hash = "sha256:2082a2d2fca363a3ce21cfa3d068c5a1ce4bf720cf6497fb3a9fc643a8ee4ddd"},
    {file = "SQLAlchemy-1.4.41-cp310-cp310-win_amd64.whl", hash = "sha256:e4b12e3d88a8fffd0b4ca559f6d4957ed91bd4c0613a4e13846ab8729dc5c251"},
    {file = "SQLAlchemy-1.4.41-cp311-cp311-macosx_10_15_x86_64.whl", hash = "sha256:90484a2b00baedad361402c257895b13faa3f01780f18f4a104a2f5c413e4536"},
    {file = "SQLAlchemy-1.4.41-cp311-cp311-manylinux_2_17_aarch64.manylinux2014_aarch64.whl", hash = "sha256:b67fc780cfe2b306180e56daaa411dd3186bf979d50a6a7c2a5b5036575cbdbb"},
    {file = "SQLAlchemy-1.4.41-cp311-cp311-manylinux_2_5_x86_64.manylinux1_x86_64.manylinux_2_17_x86_64.manylinux2014_x86_64.whl", hash = "sha256:2ad2b727fc41c7f8757098903f85fafb4bf587ca6605f82d9bf5604bd9c7cded"},
    {file = "SQLAlchemy-1.4.41-cp311-cp311-win32.whl", hash = "sha256:59bdc291165b6119fc6cdbc287c36f7f2859e6051dd923bdf47b4c55fd2f8bd0"},
    {file = "SQLAlchemy-1.4.41-cp311-cp311-win_amd64.whl", hash = "sha256:d2e054aed4645f9b755db85bc69fc4ed2c9020c19c8027976f66576b906a74f1"},
    {file = "SQLAlchemy-1.4.41-cp36-cp36m-macosx_10_14_x86_64.whl", hash = "sha256:4ba7e122510bbc07258dc42be6ed45997efdf38129bde3e3f12649be70683546"},
    {file = "SQLAlchemy-1.4.41-cp36-cp36m-manylinux_2_17_aarch64.manylinux2014_aarch64.whl", hash = "sha256:c0dcf127bb99458a9d211e6e1f0f3edb96c874dd12f2503d4d8e4f1fd103790b"},
    {file = "SQLAlchemy-1.4.41-cp36-cp36m-manylinux_2_5_x86_64.manylinux1_x86_64.manylinux_2_12_x86_64.manylinux2010_x86_64.whl", hash = "sha256:e16c2be5cb19e2c08da7bd3a87fed2a0d4e90065ee553a940c4fc1a0fb1ab72b"},
    {file = "SQLAlchemy-1.4.41-cp36-cp36m-manylinux_2_5_x86_64.manylinux1_x86_64.manylinux_2_17_x86_64.manylinux2014_x86_64.whl", hash = "sha256:f5ebeeec5c14533221eb30bad716bc1fd32f509196318fb9caa7002c4a364e4c"},
    {file = "SQLAlchemy-1.4.41-cp36-cp36m-win32.whl", hash = "sha256:3e2ef592ac3693c65210f8b53d0edcf9f4405925adcfc031ff495e8d18169682"},
    {file = "SQLAlchemy-1.4.41-cp36-cp36m-win_amd64.whl", hash = "sha256:eb30cf008850c0a26b72bd1b9be6730830165ce049d239cfdccd906f2685f892"},
    {file = "SQLAlchemy-1.4.41-cp37-cp37m-macosx_10_15_x86_64.whl", hash = "sha256:c23d64a0b28fc78c96289ffbd0d9d1abd48d267269b27f2d34e430ea73ce4b26"},
    {file = "SQLAlchemy-1.4.41-cp37-cp37m-manylinux_2_17_aarch64.manylinux2014_aarch64.whl", hash = "sha256:8eb8897367a21b578b26f5713833836f886817ee2ffba1177d446fa3f77e67c8"},
    {file = "SQLAlchemy-1.4.41-cp37-cp37m-manylinux_2_5_x86_64.manylinux1_x86_64.manylinux_2_12_x86_64.manylinux2010_x86_64.whl", hash = "sha256:14576238a5f89bcf504c5f0a388d0ca78df61fb42cb2af0efe239dc965d4f5c9"},
    {file = "SQLAlchemy-1.4.41-cp37-cp37m-manylinux_2_5_x86_64.manylinux1_x86_64.manylinux_2_17_x86_64.manylinux2014_x86_64.whl", hash = "sha256:639e1ae8d48b3c86ffe59c0daa9a02e2bfe17ca3d2b41611b30a0073937d4497"},
    {file = "SQLAlchemy-1.4.41-cp37-cp37m-win32.whl", hash = "sha256:0005bd73026cd239fc1e8ccdf54db58b6193be9a02b3f0c5983808f84862c767"},
    {file = "SQLAlchemy-1.4.41-cp37-cp37m-win_amd64.whl", hash = "sha256:5323252be2bd261e0aa3f33cb3a64c45d76829989fa3ce90652838397d84197d"},
    {file = "SQLAlchemy-1.4.41-cp38-cp38-macosx_10_15_x86_64.whl", hash = "sha256:05f0de3a1dc3810a776275763764bb0015a02ae0f698a794646ebc5fb06fad33"},
    {file = "SQLAlchemy-1.4.41-cp38-cp38-manylinux_2_17_aarch64.manylinux2014_aarch64.whl", hash = "sha256:0002e829142b2af00b4eaa26c51728f3ea68235f232a2e72a9508a3116bd6ed0"},
    {file = "SQLAlchemy-1.4.41-cp38-cp38-manylinux_2_5_x86_64.manylinux1_x86_64.manylinux_2_12_x86_64.manylinux2010_x86_64.whl", hash = "sha256:22ff16cedab5b16a0db79f1bc99e46a6ddececb60c396562e50aab58ddb2871c"},
    {file = "SQLAlchemy-1.4.41-cp38-cp38-manylinux_2_5_x86_64.manylinux1_x86_64.manylinux_2_17_x86_64.manylinux2014_x86_64.whl", hash = "sha256:ccfd238f766a5bb5ee5545a62dd03f316ac67966a6a658efb63eeff8158a4bbf"},
    {file = "SQLAlchemy-1.4.41-cp38-cp38-win32.whl", hash = "sha256:58bb65b3274b0c8a02cea9f91d6f44d0da79abc993b33bdedbfec98c8440175a"},
    {file = "SQLAlchemy-1.4.41-cp38-cp38-win_amd64.whl", hash = "sha256:ce8feaa52c1640de9541eeaaa8b5fb632d9d66249c947bb0d89dd01f87c7c288"},
    {file = "SQLAlchemy-1.4.41-cp39-cp39-macosx_10_15_x86_64.whl", hash = "sha256:199a73c31ac8ea59937cc0bf3dfc04392e81afe2ec8a74f26f489d268867846c"},
    {file = "SQLAlchemy-1.4.41-cp39-cp39-manylinux_2_17_aarch64.manylinux2014_aarch64.whl", hash = "sha256:4676d51c9f6f6226ae8f26dc83ec291c088fe7633269757d333978df78d931ab"},
    {file = "SQLAlchemy-1.4.41-cp39-cp39-manylinux_2_5_x86_64.manylinux1_x86_64.manylinux_2_12_x86_64.manylinux2010_x86_64.whl", hash = "sha256:036d8472356e1d5f096c5e0e1a7e0f9182140ada3602f8fff6b7329e9e7cfbcd"},
    {file = "SQLAlchemy-1.4.41-cp39-cp39-manylinux_2_5_x86_64.manylinux1_x86_64.manylinux_2_17_x86_64.manylinux2014_x86_64.whl", hash = "sha256:2307495d9e0ea00d0c726be97a5b96615035854972cc538f6e7eaed23a35886c"},
    {file = "SQLAlchemy-1.4.41-cp39-cp39-win32.whl", hash = "sha256:9c56e19780cd1344fcd362fd6265a15f48aa8d365996a37fab1495cae8fcd97d"},
    {file = "SQLAlchemy-1.4.41-cp39-cp39-win_amd64.whl", hash = "sha256:f5fa526d027d804b1f85cdda1eb091f70bde6fb7d87892f6dd5a48925bc88898"},
    {file = "SQLAlchemy-1.4.41.tar.gz", hash = "sha256:0292f70d1797e3c54e862e6f30ae474014648bc9c723e14a2fda730adb0a9791"},
]
urllib3 = [
    {file = "urllib3-1.26.12-py2.py3-none-any.whl", hash = "sha256:b930dd878d5a8afb066a637fbb35144fe7901e3b209d1cd4f524bd0e9deee997"},
    {file = "urllib3-1.26.12.tar.gz", hash = "sha256:3fa96cf423e6987997fc326ae8df396db2a8b7c667747d47ddd8ecba91f4a74e"},
]
werkzeug = [
    {file = "Werkzeug-1.0.1-py2.py3-none-any.whl", hash = "sha256:2de2a5db0baeae7b2d2664949077c2ac63fbd16d98da0ff71837f7d1dea3fd43"},
    {file = "Werkzeug-1.0.1.tar.gz", hash = "sha256:6c80b1e5ad3665290ea39320b91e1be1e0d5f60652b964a3070216de83d2e47c"},
]
